
Microsoft Visual Studio Solution File, Format Version 12.00
# Visual Studio Version 17
VisualStudioVersion = 17.0.31903.59
MinimumVisualStudioVersion = 10.0.40219.1
Project("{2150E333-8FDC-42A3-9474-1A3956D46DE8}") = "src", "src", "{827E0CD3-B72D-47B6-A68D-7590B98EB39B}"
EndProject
Project("{FAE04EC0-301F-11D3-BF4B-00C04F79EFBC}") = "Axle.Core", "src\Axle.Core\Axle.Core.csproj", "{475A8F80-2BBF-465D-B1B1-808485753E8E}"
EndProject
Project("{FAE04EC0-301F-11D3-BF4B-00C04F79EFBC}") = "Axle.Ecs", "src\Axle.Ecs\Axle.Ecs.csproj", "{D701E822-63E4-4FF7-A36D-3C27BAFCCE58}"
EndProject
Project("{FAE04EC0-301F-11D3-BF4B-00C04F79EFBC}") = "Axle.Sim", "src\Axle.Sim\Axle.Sim.csproj", "{79521DDD-7DAB-4D75-BCD9-B345D34CC6DB}"
EndProject
Project("{FAE04EC0-301F-11D3-BF4B-00C04F79EFBC}") = "Axle.Graphics", "src\Axle.Graphics\Axle.Graphics.csproj", "{0C803EF5-5AD9-403D-A0DC-AE0267193650}"
EndProject
Project("{FAE04EC0-301F-11D3-BF4B-00C04F79EFBC}") = "Axle.Platform", "src\Axle.Platform\Axle.Platform.csproj", "{7E6B13E5-82CB-4A74-A9D1-C1D00F167D94}"
EndProject
Project("{2150E333-8FDC-42A3-9474-1A3956D46DE8}") = "demos", "demos", "{FA8A28C8-4B59-8028-2ACF-626D05B08DB7}"
EndProject
Project("{FAE04EC0-301F-11D3-BF4B-00C04F79EFBC}") = "Axle.DemoClient", "demos\Axle.DemoClient\Axle.DemoClient.csproj", "{8491B1C7-DC33-4A60-9D47-B66518E3A2A7}"
EndProject
Project("{FAE04EC0-301F-11D3-BF4B-00C04F79EFBC}") = "Axle.DemoServer", "demos\Axle.DemoServer\Axle.DemoServer.csproj", "{C19F5895-9E27-4351-96AA-D5EEB85B3D43}"
EndProject
Project("{2150E333-8FDC-42A3-9474-1A3956D46DE8}") = "tests", "tests", "{0AB3BF05-4346-4AA6-1389-037BE0695223}"
EndProject
Project("{FAE04EC0-301F-11D3-BF4B-00C04F79EFBC}") = "Axle.Core.Test", "tests\Axle.Core.Test\Axle.Core.Test.csproj", "{6F863250-C999-492C-9B01-A7C62A8600B2}"
EndProject
Project("{FAE04EC0-301F-11D3-BF4B-00C04F79EFBC}") = "Axle.Ecs.Test", "tests\Axle.Ecs.Test\Axle.Ecs.Test.csproj", "{39DA50CF-9BC4-4FDE-81E6-1B7D6E911EF3}"
EndProject
Project("{FAE04EC0-301F-11D3-BF4B-00C04F79EFBC}") = "Axle.Sim.Test", "tests\Axle.Sim.Test\Axle.Sim.Test.csproj", "{F8458A6A-CD02-46E7-A7ED-619F38BD6962}"
EndProject
Project("{FAE04EC0-301F-11D3-BF4B-00C04F79EFBC}") = "Axle.Net", "src\Axle.Net\Axle.Net.csproj", "{7F7AC998-1D46-4BE0-B99D-D3500D16C71B}"
EndProject
Project("{FAE04EC0-301F-11D3-BF4B-00C04F79EFBC}") = "Axle.Net.Test", "tests\Axle.Net.Test\Axle.Net.Test.csproj", "{9E8CB490-A04B-463C-B2A2-632B40ED0879}"
EndProject
Project("{FAE04EC0-301F-11D3-BF4B-00C04F79EFBC}") = "Axle.Server.Test", "tests\Axle.Server.Test\Axle.Server.Test.csproj", "{6A4B3A24-A10F-425C-BD0B-E9C1A68BE639}"
EndProject
Global
	GlobalSection(SolutionConfigurationPlatforms) = preSolution
		Debug|Any CPU = Debug|Any CPU
		Debug|x64 = Debug|x64
		Debug|x86 = Debug|x86
		Release|Any CPU = Release|Any CPU
		Release|x64 = Release|x64
		Release|x86 = Release|x86
	EndGlobalSection
	GlobalSection(ProjectConfigurationPlatforms) = postSolution
		{475A8F80-2BBF-465D-B1B1-808485753E8E}.Debug|Any CPU.ActiveCfg = Debug|Any CPU
		{475A8F80-2BBF-465D-B1B1-808485753E8E}.Debug|Any CPU.Build.0 = Debug|Any CPU
		{475A8F80-2BBF-465D-B1B1-808485753E8E}.Debug|x64.ActiveCfg = Debug|Any CPU
		{475A8F80-2BBF-465D-B1B1-808485753E8E}.Debug|x64.Build.0 = Debug|Any CPU
		{475A8F80-2BBF-465D-B1B1-808485753E8E}.Debug|x86.ActiveCfg = Debug|Any CPU
		{475A8F80-2BBF-465D-B1B1-808485753E8E}.Debug|x86.Build.0 = Debug|Any CPU
		{475A8F80-2BBF-465D-B1B1-808485753E8E}.Release|Any CPU.ActiveCfg = Release|Any CPU
		{475A8F80-2BBF-465D-B1B1-808485753E8E}.Release|Any CPU.Build.0 = Release|Any CPU
		{475A8F80-2BBF-465D-B1B1-808485753E8E}.Release|x64.ActiveCfg = Release|Any CPU
		{475A8F80-2BBF-465D-B1B1-808485753E8E}.Release|x64.Build.0 = Release|Any CPU
		{475A8F80-2BBF-465D-B1B1-808485753E8E}.Release|x86.ActiveCfg = Release|Any CPU
		{475A8F80-2BBF-465D-B1B1-808485753E8E}.Release|x86.Build.0 = Release|Any CPU
		{D701E822-63E4-4FF7-A36D-3C27BAFCCE58}.Debug|Any CPU.ActiveCfg = Debug|Any CPU
		{D701E822-63E4-4FF7-A36D-3C27BAFCCE58}.Debug|Any CPU.Build.0 = Debug|Any CPU
		{D701E822-63E4-4FF7-A36D-3C27BAFCCE58}.Debug|x64.ActiveCfg = Debug|Any CPU
		{D701E822-63E4-4FF7-A36D-3C27BAFCCE58}.Debug|x64.Build.0 = Debug|Any CPU
		{D701E822-63E4-4FF7-A36D-3C27BAFCCE58}.Debug|x86.ActiveCfg = Debug|Any CPU
		{D701E822-63E4-4FF7-A36D-3C27BAFCCE58}.Debug|x86.Build.0 = Debug|Any CPU
		{D701E822-63E4-4FF7-A36D-3C27BAFCCE58}.Release|Any CPU.ActiveCfg = Release|Any CPU
		{D701E822-63E4-4FF7-A36D-3C27BAFCCE58}.Release|Any CPU.Build.0 = Release|Any CPU
		{D701E822-63E4-4FF7-A36D-3C27BAFCCE58}.Release|x64.ActiveCfg = Release|Any CPU
		{D701E822-63E4-4FF7-A36D-3C27BAFCCE58}.Release|x64.Build.0 = Release|Any CPU
		{D701E822-63E4-4FF7-A36D-3C27BAFCCE58}.Release|x86.ActiveCfg = Release|Any CPU
		{D701E822-63E4-4FF7-A36D-3C27BAFCCE58}.Release|x86.Build.0 = Release|Any CPU
		{79521DDD-7DAB-4D75-BCD9-B345D34CC6DB}.Debug|Any CPU.ActiveCfg = Debug|Any CPU
		{79521DDD-7DAB-4D75-BCD9-B345D34CC6DB}.Debug|Any CPU.Build.0 = Debug|Any CPU
		{79521DDD-7DAB-4D75-BCD9-B345D34CC6DB}.Debug|x64.ActiveCfg = Debug|Any CPU
		{79521DDD-7DAB-4D75-BCD9-B345D34CC6DB}.Debug|x64.Build.0 = Debug|Any CPU
		{79521DDD-7DAB-4D75-BCD9-B345D34CC6DB}.Debug|x86.ActiveCfg = Debug|Any CPU
		{79521DDD-7DAB-4D75-BCD9-B345D34CC6DB}.Debug|x86.Build.0 = Debug|Any CPU
		{79521DDD-7DAB-4D75-BCD9-B345D34CC6DB}.Release|Any CPU.ActiveCfg = Release|Any CPU
		{79521DDD-7DAB-4D75-BCD9-B345D34CC6DB}.Release|Any CPU.Build.0 = Release|Any CPU
		{79521DDD-7DAB-4D75-BCD9-B345D34CC6DB}.Release|x64.ActiveCfg = Release|Any CPU
		{79521DDD-7DAB-4D75-BCD9-B345D34CC6DB}.Release|x64.Build.0 = Release|Any CPU
		{79521DDD-7DAB-4D75-BCD9-B345D34CC6DB}.Release|x86.ActiveCfg = Release|Any CPU
		{79521DDD-7DAB-4D75-BCD9-B345D34CC6DB}.Release|x86.Build.0 = Release|Any CPU
		{0C803EF5-5AD9-403D-A0DC-AE0267193650}.Debug|Any CPU.ActiveCfg = Debug|Any CPU
		{0C803EF5-5AD9-403D-A0DC-AE0267193650}.Debug|Any CPU.Build.0 = Debug|Any CPU
		{0C803EF5-5AD9-403D-A0DC-AE0267193650}.Debug|x64.ActiveCfg = Debug|Any CPU
		{0C803EF5-5AD9-403D-A0DC-AE0267193650}.Debug|x64.Build.0 = Debug|Any CPU
		{0C803EF5-5AD9-403D-A0DC-AE0267193650}.Debug|x86.ActiveCfg = Debug|Any CPU
		{0C803EF5-5AD9-403D-A0DC-AE0267193650}.Debug|x86.Build.0 = Debug|Any CPU
		{0C803EF5-5AD9-403D-A0DC-AE0267193650}.Release|Any CPU.ActiveCfg = Release|Any CPU
		{0C803EF5-5AD9-403D-A0DC-AE0267193650}.Release|Any CPU.Build.0 = Release|Any CPU
		{0C803EF5-5AD9-403D-A0DC-AE0267193650}.Release|x64.ActiveCfg = Release|Any CPU
		{0C803EF5-5AD9-403D-A0DC-AE0267193650}.Release|x64.Build.0 = Release|Any CPU
		{0C803EF5-5AD9-403D-A0DC-AE0267193650}.Release|x86.ActiveCfg = Release|Any CPU
		{0C803EF5-5AD9-403D-A0DC-AE0267193650}.Release|x86.Build.0 = Release|Any CPU
		{7E6B13E5-82CB-4A74-A9D1-C1D00F167D94}.Debug|Any CPU.ActiveCfg = Debug|Any CPU
		{7E6B13E5-82CB-4A74-A9D1-C1D00F167D94}.Debug|Any CPU.Build.0 = Debug|Any CPU
		{7E6B13E5-82CB-4A74-A9D1-C1D00F167D94}.Debug|x64.ActiveCfg = Debug|Any CPU
		{7E6B13E5-82CB-4A74-A9D1-C1D00F167D94}.Debug|x64.Build.0 = Debug|Any CPU
		{7E6B13E5-82CB-4A74-A9D1-C1D00F167D94}.Debug|x86.ActiveCfg = Debug|Any CPU
		{7E6B13E5-82CB-4A74-A9D1-C1D00F167D94}.Debug|x86.Build.0 = Debug|Any CPU
		{7E6B13E5-82CB-4A74-A9D1-C1D00F167D94}.Release|Any CPU.ActiveCfg = Release|Any CPU
		{7E6B13E5-82CB-4A74-A9D1-C1D00F167D94}.Release|Any CPU.Build.0 = Release|Any CPU
		{7E6B13E5-82CB-4A74-A9D1-C1D00F167D94}.Release|x64.ActiveCfg = Release|Any CPU
		{7E6B13E5-82CB-4A74-A9D1-C1D00F167D94}.Release|x64.Build.0 = Release|Any CPU
		{7E6B13E5-82CB-4A74-A9D1-C1D00F167D94}.Release|x86.ActiveCfg = Release|Any CPU
		{7E6B13E5-82CB-4A74-A9D1-C1D00F167D94}.Release|x86.Build.0 = Release|Any CPU
		{8491B1C7-DC33-4A60-9D47-B66518E3A2A7}.Debug|Any CPU.ActiveCfg = Debug|Any CPU
		{8491B1C7-DC33-4A60-9D47-B66518E3A2A7}.Debug|Any CPU.Build.0 = Debug|Any CPU
		{8491B1C7-DC33-4A60-9D47-B66518E3A2A7}.Debug|x64.ActiveCfg = Debug|Any CPU
		{8491B1C7-DC33-4A60-9D47-B66518E3A2A7}.Debug|x64.Build.0 = Debug|Any CPU
		{8491B1C7-DC33-4A60-9D47-B66518E3A2A7}.Debug|x86.ActiveCfg = Debug|Any CPU
		{8491B1C7-DC33-4A60-9D47-B66518E3A2A7}.Debug|x86.Build.0 = Debug|Any CPU
		{8491B1C7-DC33-4A60-9D47-B66518E3A2A7}.Release|Any CPU.ActiveCfg = Release|Any CPU
		{8491B1C7-DC33-4A60-9D47-B66518E3A2A7}.Release|Any CPU.Build.0 = Release|Any CPU
		{8491B1C7-DC33-4A60-9D47-B66518E3A2A7}.Release|x64.ActiveCfg = Release|Any CPU
		{8491B1C7-DC33-4A60-9D47-B66518E3A2A7}.Release|x64.Build.0 = Release|Any CPU
		{8491B1C7-DC33-4A60-9D47-B66518E3A2A7}.Release|x86.ActiveCfg = Release|Any CPU
		{8491B1C7-DC33-4A60-9D47-B66518E3A2A7}.Release|x86.Build.0 = Release|Any CPU
		{C19F5895-9E27-4351-96AA-D5EEB85B3D43}.Debug|Any CPU.ActiveCfg = Debug|Any CPU
		{C19F5895-9E27-4351-96AA-D5EEB85B3D43}.Debug|Any CPU.Build.0 = Debug|Any CPU
		{C19F5895-9E27-4351-96AA-D5EEB85B3D43}.Debug|x64.ActiveCfg = Debug|Any CPU
		{C19F5895-9E27-4351-96AA-D5EEB85B3D43}.Debug|x64.Build.0 = Debug|Any CPU
		{C19F5895-9E27-4351-96AA-D5EEB85B3D43}.Debug|x86.ActiveCfg = Debug|Any CPU
		{C19F5895-9E27-4351-96AA-D5EEB85B3D43}.Debug|x86.Build.0 = Debug|Any CPU
		{C19F5895-9E27-4351-96AA-D5EEB85B3D43}.Release|Any CPU.ActiveCfg = Release|Any CPU
		{C19F5895-9E27-4351-96AA-D5EEB85B3D43}.Release|Any CPU.Build.0 = Release|Any CPU
		{C19F5895-9E27-4351-96AA-D5EEB85B3D43}.Release|x64.ActiveCfg = Release|Any CPU
		{C19F5895-9E27-4351-96AA-D5EEB85B3D43}.Release|x64.Build.0 = Release|Any CPU
		{C19F5895-9E27-4351-96AA-D5EEB85B3D43}.Release|x86.ActiveCfg = Release|Any CPU
		{C19F5895-9E27-4351-96AA-D5EEB85B3D43}.Release|x86.Build.0 = Release|Any CPU
		{6F863250-C999-492C-9B01-A7C62A8600B2}.Debug|Any CPU.ActiveCfg = Debug|Any CPU
		{6F863250-C999-492C-9B01-A7C62A8600B2}.Debug|Any CPU.Build.0 = Debug|Any CPU
		{6F863250-C999-492C-9B01-A7C62A8600B2}.Debug|x64.ActiveCfg = Debug|Any CPU
		{6F863250-C999-492C-9B01-A7C62A8600B2}.Debug|x64.Build.0 = Debug|Any CPU
		{6F863250-C999-492C-9B01-A7C62A8600B2}.Debug|x86.ActiveCfg = Debug|Any CPU
		{6F863250-C999-492C-9B01-A7C62A8600B2}.Debug|x86.Build.0 = Debug|Any CPU
		{6F863250-C999-492C-9B01-A7C62A8600B2}.Release|Any CPU.ActiveCfg = Release|Any CPU
		{6F863250-C999-492C-9B01-A7C62A8600B2}.Release|Any CPU.Build.0 = Release|Any CPU
		{6F863250-C999-492C-9B01-A7C62A8600B2}.Release|x64.ActiveCfg = Release|Any CPU
		{6F863250-C999-492C-9B01-A7C62A8600B2}.Release|x64.Build.0 = Release|Any CPU
		{6F863250-C999-492C-9B01-A7C62A8600B2}.Release|x86.ActiveCfg = Release|Any CPU
		{6F863250-C999-492C-9B01-A7C62A8600B2}.Release|x86.Build.0 = Release|Any CPU
		{39DA50CF-9BC4-4FDE-81E6-1B7D6E911EF3}.Debug|Any CPU.ActiveCfg = Debug|Any CPU
		{39DA50CF-9BC4-4FDE-81E6-1B7D6E911EF3}.Debug|Any CPU.Build.0 = Debug|Any CPU
		{39DA50CF-9BC4-4FDE-81E6-1B7D6E911EF3}.Debug|x64.ActiveCfg = Debug|Any CPU
		{39DA50CF-9BC4-4FDE-81E6-1B7D6E911EF3}.Debug|x64.Build.0 = Debug|Any CPU
		{39DA50CF-9BC4-4FDE-81E6-1B7D6E911EF3}.Debug|x86.ActiveCfg = Debug|Any CPU
		{39DA50CF-9BC4-4FDE-81E6-1B7D6E911EF3}.Debug|x86.Build.0 = Debug|Any CPU
		{39DA50CF-9BC4-4FDE-81E6-1B7D6E911EF3}.Release|Any CPU.ActiveCfg = Release|Any CPU
		{39DA50CF-9BC4-4FDE-81E6-1B7D6E911EF3}.Release|Any CPU.Build.0 = Release|Any CPU
		{39DA50CF-9BC4-4FDE-81E6-1B7D6E911EF3}.Release|x64.ActiveCfg = Release|Any CPU
		{39DA50CF-9BC4-4FDE-81E6-1B7D6E911EF3}.Release|x64.Build.0 = Release|Any CPU
		{39DA50CF-9BC4-4FDE-81E6-1B7D6E911EF3}.Release|x86.ActiveCfg = Release|Any CPU
		{39DA50CF-9BC4-4FDE-81E6-1B7D6E911EF3}.Release|x86.Build.0 = Release|Any CPU
		{F8458A6A-CD02-46E7-A7ED-619F38BD6962}.Debug|Any CPU.ActiveCfg = Debug|Any CPU
		{F8458A6A-CD02-46E7-A7ED-619F38BD6962}.Debug|Any CPU.Build.0 = Debug|Any CPU
		{F8458A6A-CD02-46E7-A7ED-619F38BD6962}.Debug|x64.ActiveCfg = Debug|Any CPU
		{F8458A6A-CD02-46E7-A7ED-619F38BD6962}.Debug|x64.Build.0 = Debug|Any CPU
		{F8458A6A-CD02-46E7-A7ED-619F38BD6962}.Debug|x86.ActiveCfg = Debug|Any CPU
		{F8458A6A-CD02-46E7-A7ED-619F38BD6962}.Debug|x86.Build.0 = Debug|Any CPU
		{F8458A6A-CD02-46E7-A7ED-619F38BD6962}.Release|Any CPU.ActiveCfg = Release|Any CPU
		{F8458A6A-CD02-46E7-A7ED-619F38BD6962}.Release|Any CPU.Build.0 = Release|Any CPU
		{F8458A6A-CD02-46E7-A7ED-619F38BD6962}.Release|x64.ActiveCfg = Release|Any CPU
		{F8458A6A-CD02-46E7-A7ED-619F38BD6962}.Release|x64.Build.0 = Release|Any CPU
		{F8458A6A-CD02-46E7-A7ED-619F38BD6962}.Release|x86.ActiveCfg = Release|Any CPU
		{F8458A6A-CD02-46E7-A7ED-619F38BD6962}.Release|x86.Build.0 = Release|Any CPU
		{7F7AC998-1D46-4BE0-B99D-D3500D16C71B}.Debug|Any CPU.ActiveCfg = Debug|Any CPU
		{7F7AC998-1D46-4BE0-B99D-D3500D16C71B}.Debug|Any CPU.Build.0 = Debug|Any CPU
		{7F7AC998-1D46-4BE0-B99D-D3500D16C71B}.Debug|x64.ActiveCfg = Debug|Any CPU
		{7F7AC998-1D46-4BE0-B99D-D3500D16C71B}.Debug|x64.Build.0 = Debug|Any CPU
		{7F7AC998-1D46-4BE0-B99D-D3500D16C71B}.Debug|x86.ActiveCfg = Debug|Any CPU
		{7F7AC998-1D46-4BE0-B99D-D3500D16C71B}.Debug|x86.Build.0 = Debug|Any CPU
		{7F7AC998-1D46-4BE0-B99D-D3500D16C71B}.Release|Any CPU.ActiveCfg = Release|Any CPU
		{7F7AC998-1D46-4BE0-B99D-D3500D16C71B}.Release|Any CPU.Build.0 = Release|Any CPU
		{7F7AC998-1D46-4BE0-B99D-D3500D16C71B}.Release|x64.ActiveCfg = Release|Any CPU
		{7F7AC998-1D46-4BE0-B99D-D3500D16C71B}.Release|x64.Build.0 = Release|Any CPU
		{7F7AC998-1D46-4BE0-B99D-D3500D16C71B}.Release|x86.ActiveCfg = Release|Any CPU
		{7F7AC998-1D46-4BE0-B99D-D3500D16C71B}.Release|x86.Build.0 = Release|Any CPU
		{9E8CB490-A04B-463C-B2A2-632B40ED0879}.Debug|Any CPU.ActiveCfg = Debug|Any CPU
		{9E8CB490-A04B-463C-B2A2-632B40ED0879}.Debug|Any CPU.Build.0 = Debug|Any CPU
		{9E8CB490-A04B-463C-B2A2-632B40ED0879}.Debug|x64.ActiveCfg = Debug|Any CPU
		{9E8CB490-A04B-463C-B2A2-632B40ED0879}.Debug|x64.Build.0 = Debug|Any CPU
		{9E8CB490-A04B-463C-B2A2-632B40ED0879}.Debug|x86.ActiveCfg = Debug|Any CPU
		{9E8CB490-A04B-463C-B2A2-632B40ED0879}.Debug|x86.Build.0 = Debug|Any CPU
		{9E8CB490-A04B-463C-B2A2-632B40ED0879}.Release|Any CPU.ActiveCfg = Release|Any CPU
		{9E8CB490-A04B-463C-B2A2-632B40ED0879}.Release|Any CPU.Build.0 = Release|Any CPU
		{9E8CB490-A04B-463C-B2A2-632B40ED0879}.Release|x64.ActiveCfg = Release|Any CPU
		{9E8CB490-A04B-463C-B2A2-632B40ED0879}.Release|x64.Build.0 = Release|Any CPU
		{9E8CB490-A04B-463C-B2A2-632B40ED0879}.Release|x86.ActiveCfg = Release|Any CPU
		{9E8CB490-A04B-463C-B2A2-632B40ED0879}.Release|x86.Build.0 = Release|Any CPU
		{6A4B3A24-A10F-425C-BD0B-E9C1A68BE639}.Debug|Any CPU.ActiveCfg = Debug|Any CPU
		{6A4B3A24-A10F-425C-BD0B-E9C1A68BE639}.Debug|Any CPU.Build.0 = Debug|Any CPU
		{6A4B3A24-A10F-425C-BD0B-E9C1A68BE639}.Debug|x64.ActiveCfg = Debug|Any CPU
		{6A4B3A24-A10F-425C-BD0B-E9C1A68BE639}.Debug|x64.Build.0 = Debug|Any CPU
		{6A4B3A24-A10F-425C-BD0B-E9C1A68BE639}.Debug|x86.ActiveCfg = Debug|Any CPU
		{6A4B3A24-A10F-425C-BD0B-E9C1A68BE639}.Debug|x86.Build.0 = Debug|Any CPU
		{6A4B3A24-A10F-425C-BD0B-E9C1A68BE639}.Release|Any CPU.ActiveCfg = Release|Any CPU
		{6A4B3A24-A10F-425C-BD0B-E9C1A68BE639}.Release|Any CPU.Build.0 = Release|Any CPU
		{6A4B3A24-A10F-425C-BD0B-E9C1A68BE639}.Release|x64.ActiveCfg = Release|Any CPU
		{6A4B3A24-A10F-425C-BD0B-E9C1A68BE639}.Release|x64.Build.0 = Release|Any CPU
		{6A4B3A24-A10F-425C-BD0B-E9C1A68BE639}.Release|x86.ActiveCfg = Release|Any CPU
		{6A4B3A24-A10F-425C-BD0B-E9C1A68BE639}.Release|x86.Build.0 = Release|Any CPU
	EndGlobalSection
	GlobalSection(SolutionProperties) = preSolution
		HideSolutionNode = FALSE
	EndGlobalSection
	GlobalSection(NestedProjects) = preSolution
		{475A8F80-2BBF-465D-B1B1-808485753E8E} = {827E0CD3-B72D-47B6-A68D-7590B98EB39B}
		{D701E822-63E4-4FF7-A36D-3C27BAFCCE58} = {827E0CD3-B72D-47B6-A68D-7590B98EB39B}
		{79521DDD-7DAB-4D75-BCD9-B345D34CC6DB} = {827E0CD3-B72D-47B6-A68D-7590B98EB39B}
		{0C803EF5-5AD9-403D-A0DC-AE0267193650} = {827E0CD3-B72D-47B6-A68D-7590B98EB39B}
		{7E6B13E5-82CB-4A74-A9D1-C1D00F167D94} = {827E0CD3-B72D-47B6-A68D-7590B98EB39B}
		{8491B1C7-DC33-4A60-9D47-B66518E3A2A7} = {FA8A28C8-4B59-8028-2ACF-626D05B08DB7}
		{C19F5895-9E27-4351-96AA-D5EEB85B3D43} = {FA8A28C8-4B59-8028-2ACF-626D05B08DB7}
		{6F863250-C999-492C-9B01-A7C62A8600B2} = {0AB3BF05-4346-4AA6-1389-037BE0695223}
		{39DA50CF-9BC4-4FDE-81E6-1B7D6E911EF3} = {0AB3BF05-4346-4AA6-1389-037BE0695223}
		{F8458A6A-CD02-46E7-A7ED-619F38BD6962} = {0AB3BF05-4346-4AA6-1389-037BE0695223}
		{7F7AC998-1D46-4BE0-B99D-D3500D16C71B} = {827E0CD3-B72D-47B6-A68D-7590B98EB39B}
		{9E8CB490-A04B-463C-B2A2-632B40ED0879} = {0AB3BF05-4346-4AA6-1389-037BE0695223}
		{6A4B3A24-A10F-425C-BD0B-E9C1A68BE639} = {0AB3BF05-4346-4AA6-1389-037BE0695223}
	EndGlobalSection
EndGlobal
